
Microsoft Visual Studio Solution File, Format Version 12.00
# Visual Studio Version 17
VisualStudioVersion = 17.0.31903.59
MinimumVisualStudioVersion = 10.0.40219.1
Project("{2150E333-8FDC-42A3-9474-1A3956D46DE8}") = "Abstractions", "Abstractions", "{67BFE618-E232-7DE5-34A1-02EE902F7C19}"
EndProject
Project("{FAE04EC0-301F-11D3-BF4B-00C04F79EFBC}") = "RepoForge.Abstractions", "RepoForge.Abstractions\RepoForge.Abstractions.csproj", "{000C4F3E-DEF5-43D6-9F69-031CDAA75E45}"
EndProject
Project("{2150E333-8FDC-42A3-9474-1A3956D46DE8}") = "Core", "Core", "{FBF56CC3-7AE6-AD2D-3F14-7F97FD322CD6}"
EndProject
Project("{FAE04EC0-301F-11D3-BF4B-00C04F79EFBC}") = "RepoForge.Core", "RepoForge.Core\RepoForge.Core.csproj", "{EA87E522-DD6C-44B2-8E22-27668005446F}"
EndProject
Project("{2150E333-8FDC-42A3-9474-1A3956D46DE8}") = "Domain", "Domain", "{996CEBED-A05B-5D42-3FF0-982E087A2599}"
EndProject
Project("{FAE04EC0-301F-11D3-BF4B-00C04F79EFBC}") = "RepoForge.Domain", "RepoForge.Domain\RepoForge.Domain.csproj", "{2B838743-3544-4C46-BFF3-40164A34F656}"
EndProject
Project("{2150E333-8FDC-42A3-9474-1A3956D46DE8}") = "Data Adapters", "Data Adapters", "{59920098-F049-328F-348F-263C949D5FE5}"
EndProject
Project("{FAE04EC0-301F-11D3-BF4B-00C04F79EFBC}") = "RepoForge.Infrastructure.DataAdapters.Csv", "RepoForge.Infrastructure.DataAdapters.Csv\RepoForge.Infrastructure.DataAdapters.Csv.csproj", "{B97DCFDE-F8B2-4B48-984A-32B266FCF422}"
EndProject
Project("{FAE04EC0-301F-11D3-BF4B-00C04F79EFBC}") = "RepoForge.Infrastructure.DataAdapters.Json", "RepoForge.Infrastructure.DataAdapters.Json\RepoForge.Infrastructure.DataAdapters.Json.csproj", "{E0F6E27A-9EEC-4C07-B387-FCD858E88BEB}"
EndProject
Project("{2150E333-8FDC-42A3-9474-1A3956D46DE8}") = "Infrastructure", "Infrastructure", "{DFEE68D8-A7D0-1A41-506C-9B74AA9A7B7B}"
EndProject
Project("{FAE04EC0-301F-11D3-BF4B-00C04F79EFBC}") = "RepoForge.Infrastructure.DynamoDb", "RepoForge.Infrastructure.DynamoDb\RepoForge.Infrastructure.DynamoDb.csproj", "{68880B67-017C-4442-85F5-C0871CA6BAEA}"
EndProject
Project("{FAE04EC0-301F-11D3-BF4B-00C04F79EFBC}") = "RepoForge.Infrastructure.EfCore", "RepoForge.Infrastructure.EfCore\RepoForge.Infrastructure.EfCore.csproj", "{232841F7-995B-4E70-BC84-43ED36B2563F}"
EndProject
Project("{FAE04EC0-301F-11D3-BF4B-00C04F79EFBC}") = "RepoForge.Infrastructure.S3", "RepoForge.Infrastructure.S3\RepoForge.Infrastructure.S3.csproj", "{7932E599-3DE5-43B7-A80A-1E3FA8C9026F}"
EndProject
Global
	GlobalSection(SolutionConfigurationPlatforms) = preSolution
		Debug|Any CPU = Debug|Any CPU
		Debug|x64 = Debug|x64
		Debug|x86 = Debug|x86
		Release|Any CPU = Release|Any CPU
		Release|x64 = Release|x64
		Release|x86 = Release|x86
	EndGlobalSection
	GlobalSection(ProjectConfigurationPlatforms) = postSolution
		{000C4F3E-DEF5-43D6-9F69-031CDAA75E45}.Debug|Any CPU.ActiveCfg = Debug|Any CPU
		{000C4F3E-DEF5-43D6-9F69-031CDAA75E45}.Debug|Any CPU.Build.0 = Debug|Any CPU
		{000C4F3E-DEF5-43D6-9F69-031CDAA75E45}.Debug|x64.ActiveCfg = Debug|Any CPU
		{000C4F3E-DEF5-43D6-9F69-031CDAA75E45}.Debug|x64.Build.0 = Debug|Any CPU
		{000C4F3E-DEF5-43D6-9F69-031CDAA75E45}.Debug|x86.ActiveCfg = Debug|Any CPU
		{000C4F3E-DEF5-43D6-9F69-031CDAA75E45}.Debug|x86.Build.0 = Debug|Any CPU
		{000C4F3E-DEF5-43D6-9F69-031CDAA75E45}.Release|Any CPU.ActiveCfg = Release|Any CPU
		{000C4F3E-DEF5-43D6-9F69-031CDAA75E45}.Release|Any CPU.Build.0 = Release|Any CPU
		{000C4F3E-DEF5-43D6-9F69-031CDAA75E45}.Release|x64.ActiveCfg = Release|Any CPU
		{000C4F3E-DEF5-43D6-9F69-031CDAA75E45}.Release|x64.Build.0 = Release|Any CPU
		{000C4F3E-DEF5-43D6-9F69-031CDAA75E45}.Release|x86.ActiveCfg = Release|Any CPU
		{000C4F3E-DEF5-43D6-9F69-031CDAA75E45}.Release|x86.Build.0 = Release|Any CPU
		{EA87E522-DD6C-44B2-8E22-27668005446F}.Debug|Any CPU.ActiveCfg = Debug|Any CPU
		{EA87E522-DD6C-44B2-8E22-27668005446F}.Debug|Any CPU.Build.0 = Debug|Any CPU
		{EA87E522-DD6C-44B2-8E22-27668005446F}.Debug|x64.ActiveCfg = Debug|Any CPU
		{EA87E522-DD6C-44B2-8E22-27668005446F}.Debug|x64.Build.0 = Debug|Any CPU
		{EA87E522-DD6C-44B2-8E22-27668005446F}.Debug|x86.ActiveCfg = Debug|Any CPU
		{EA87E522-DD6C-44B2-8E22-27668005446F}.Debug|x86.Build.0 = Debug|Any CPU
		{EA87E522-DD6C-44B2-8E22-27668005446F}.Release|Any CPU.ActiveCfg = Release|Any CPU
		{EA87E522-DD6C-44B2-8E22-27668005446F}.Release|Any CPU.Build.0 = Release|Any CPU
		{EA87E522-DD6C-44B2-8E22-27668005446F}.Release|x64.ActiveCfg = Release|Any CPU
		{EA87E522-DD6C-44B2-8E22-27668005446F}.Release|x64.Build.0 = Release|Any CPU
		{EA87E522-DD6C-44B2-8E22-27668005446F}.Release|x86.ActiveCfg = Release|Any CPU
		{EA87E522-DD6C-44B2-8E22-27668005446F}.Release|x86.Build.0 = Release|Any CPU
		{2B838743-3544-4C46-BFF3-40164A34F656}.Debug|Any CPU.ActiveCfg = Debug|Any CPU
		{2B838743-3544-4C46-BFF3-40164A34F656}.Debug|Any CPU.Build.0 = Debug|Any CPU
		{2B838743-3544-4C46-BFF3-40164A34F656}.Debug|x64.ActiveCfg = Debug|Any CPU
		{2B838743-3544-4C46-BFF3-40164A34F656}.Debug|x64.Build.0 = Debug|Any CPU
		{2B838743-3544-4C46-BFF3-40164A34F656}.Debug|x86.ActiveCfg = Debug|Any CPU
		{2B838743-3544-4C46-BFF3-40164A34F656}.Debug|x86.Build.0 = Debug|Any CPU
		{2B838743-3544-4C46-BFF3-40164A34F656}.Release|Any CPU.ActiveCfg = Release|Any CPU
		{2B838743-3544-4C46-BFF3-40164A34F656}.Release|Any CPU.Build.0 = Release|Any CPU
		{2B838743-3544-4C46-BFF3-40164A34F656}.Release|x64.ActiveCfg = Release|Any CPU
		{2B838743-3544-4C46-BFF3-40164A34F656}.Release|x64.Build.0 = Release|Any CPU
		{2B838743-3544-4C46-BFF3-40164A34F656}.Release|x86.ActiveCfg = Release|Any CPU
		{2B838743-3544-4C46-BFF3-40164A34F656}.Release|x86.Build.0 = Release|Any CPU
		{B97DCFDE-F8B2-4B48-984A-32B266FCF422}.Debug|Any CPU.ActiveCfg = Debug|Any CPU
		{B97DCFDE-F8B2-4B48-984A-32B266FCF422}.Debug|Any CPU.Build.0 = Debug|Any CPU
		{B97DCFDE-F8B2-4B48-984A-32B266FCF422}.Debug|x64.ActiveCfg = Debug|Any CPU
		{B97DCFDE-F8B2-4B48-984A-32B266FCF422}.Debug|x64.Build.0 = Debug|Any CPU
		{B97DCFDE-F8B2-4B48-984A-32B266FCF422}.Debug|x86.ActiveCfg = Debug|Any CPU
		{B97DCFDE-F8B2-4B48-984A-32B266FCF422}.Debug|x86.Build.0 = Debug|Any CPU
		{B97DCFDE-F8B2-4B48-984A-32B266FCF422}.Release|Any CPU.ActiveCfg = Release|Any CPU
		{B97DCFDE-F8B2-4B48-984A-32B266FCF422}.Release|Any CPU.Build.0 = Release|Any CPU
		{B97DCFDE-F8B2-4B48-984A-32B266FCF422}.Release|x64.ActiveCfg = Release|Any CPU
		{B97DCFDE-F8B2-4B48-984A-32B266FCF422}.Release|x64.Build.0 = Release|Any CPU
		{B97DCFDE-F8B2-4B48-984A-32B266FCF422}.Release|x86.ActiveCfg = Release|Any CPU
		{B97DCFDE-F8B2-4B48-984A-32B266FCF422}.Release|x86.Build.0 = Release|Any CPU
		{E0F6E27A-9EEC-4C07-B387-FCD858E88BEB}.Debug|Any CPU.ActiveCfg = Debug|Any CPU
		{E0F6E27A-9EEC-4C07-B387-FCD858E88BEB}.Debug|Any CPU.Build.0 = Debug|Any CPU
		{E0F6E27A-9EEC-4C07-B387-FCD858E88BEB}.Debug|x64.ActiveCfg = Debug|Any CPU
		{E0F6E27A-9EEC-4C07-B387-FCD858E88BEB}.Debug|x64.Build.0 = Debug|Any CPU
		{E0F6E27A-9EEC-4C07-B387-FCD858E88BEB}.Debug|x86.ActiveCfg = Debug|Any CPU
		{E0F6E27A-9EEC-4C07-B387-FCD858E88BEB}.Debug|x86.Build.0 = Debug|Any CPU
		{E0F6E27A-9EEC-4C07-B387-FCD858E88BEB}.Release|Any CPU.ActiveCfg = Release|Any CPU
		{E0F6E27A-9EEC-4C07-B387-FCD858E88BEB}.Release|Any CPU.Build.0 = Release|Any CPU
		{E0F6E27A-9EEC-4C07-B387-FCD858E88BEB}.Release|x64.ActiveCfg = Release|Any CPU
		{E0F6E27A-9EEC-4C07-B387-FCD858E88BEB}.Release|x64.Build.0 = Release|Any CPU
		{E0F6E27A-9EEC-4C07-B387-FCD858E88BEB}.Release|x86.ActiveCfg = Release|Any CPU
		{E0F6E27A-9EEC-4C07-B387-FCD858E88BEB}.Release|x86.Build.0 = Release|Any CPU
		{68880B67-017C-4442-85F5-C0871CA6BAEA}.Debug|Any CPU.ActiveCfg = Debug|Any CPU
		{68880B67-017C-4442-85F5-C0871CA6BAEA}.Debug|Any CPU.Build.0 = Debug|Any CPU
		{68880B67-017C-4442-85F5-C0871CA6BAEA}.Debug|x64.ActiveCfg = Debug|Any CPU
		{68880B67-017C-4442-85F5-C0871CA6BAEA}.Debug|x64.Build.0 = Debug|Any CPU
		{68880B67-017C-4442-85F5-C0871CA6BAEA}.Debug|x86.ActiveCfg = Debug|Any CPU
		{68880B67-017C-4442-85F5-C0871CA6BAEA}.Debug|x86.Build.0 = Debug|Any CPU
		{68880B67-017C-4442-85F5-C0871CA6BAEA}.Release|Any CPU.ActiveCfg = Release|Any CPU
		{68880B67-017C-4442-85F5-C0871CA6BAEA}.Release|Any CPU.Build.0 = Release|Any CPU
		{68880B67-017C-4442-85F5-C0871CA6BAEA}.Release|x64.ActiveCfg = Release|Any CPU
		{68880B67-017C-4442-85F5-C0871CA6BAEA}.Release|x64.Build.0 = Release|Any CPU
		{68880B67-017C-4442-85F5-C0871CA6BAEA}.Release|x86.ActiveCfg = Release|Any CPU
		{68880B67-017C-4442-85F5-C0871CA6BAEA}.Release|x86.Build.0 = Release|Any CPU
		{232841F7-995B-4E70-BC84-43ED36B2563F}.Debug|Any CPU.ActiveCfg = Debug|Any CPU
		{232841F7-995B-4E70-BC84-43ED36B2563F}.Debug|Any CPU.Build.0 = Debug|Any CPU
		{232841F7-995B-4E70-BC84-43ED36B2563F}.Debug|x64.ActiveCfg = Debug|Any CPU
		{232841F7-995B-4E70-BC84-43ED36B2563F}.Debug|x64.Build.0 = Debug|Any CPU
		{232841F7-995B-4E70-BC84-43ED36B2563F}.Debug|x86.ActiveCfg = Debug|Any CPU
		{232841F7-995B-4E70-BC84-43ED36B2563F}.Debug|x86.Build.0 = Debug|Any CPU
		{232841F7-995B-4E70-BC84-43ED36B2563F}.Release|Any CPU.ActiveCfg = Release|Any CPU
		{232841F7-995B-4E70-BC84-43ED36B2563F}.Release|Any CPU.Build.0 = Release|Any CPU
		{232841F7-995B-4E70-BC84-43ED36B2563F}.Release|x64.ActiveCfg = Release|Any CPU
		{232841F7-995B-4E70-BC84-43ED36B2563F}.Release|x64.Build.0 = Release|Any CPU
		{232841F7-995B-4E70-BC84-43ED36B2563F}.Release|x86.ActiveCfg = Release|Any CPU
		{232841F7-995B-4E70-BC84-43ED36B2563F}.Release|x86.Build.0 = Release|Any CPU
		{7932E599-3DE5-43B7-A80A-1E3FA8C9026F}.Debug|Any CPU.ActiveCfg = Debug|Any CPU
		{7932E599-3DE5-43B7-A80A-1E3FA8C9026F}.Debug|Any CPU.Build.0 = Debug|Any CPU
		{7932E599-3DE5-43B7-A80A-1E3FA8C9026F}.Debug|x64.ActiveCfg = Debug|Any CPU
		{7932E599-3DE5-43B7-A80A-1E3FA8C9026F}.Debug|x64.Build.0 = Debug|Any CPU
		{7932E599-3DE5-43B7-A80A-1E3FA8C9026F}.Debug|x86.ActiveCfg = Debug|Any CPU
		{7932E599-3DE5-43B7-A80A-1E3FA8C9026F}.Debug|x86.Build.0 = Debug|Any CPU
		{7932E599-3DE5-43B7-A80A-1E3FA8C9026F}.Release|Any CPU.ActiveCfg = Release|Any CPU
		{7932E599-3DE5-43B7-A80A-1E3FA8C9026F}.Release|Any CPU.Build.0 = Release|Any CPU
		{7932E599-3DE5-43B7-A80A-1E3FA8C9026F}.Release|x64.ActiveCfg = Release|Any CPU
		{7932E599-3DE5-43B7-A80A-1E3FA8C9026F}.Release|x64.Build.0 = Release|Any CPU
		{7932E599-3DE5-43B7-A80A-1E3FA8C9026F}.Release|x86.ActiveCfg = Release|Any CPU
		{7932E599-3DE5-43B7-A80A-1E3FA8C9026F}.Release|x86.Build.0 = Release|Any CPU
	EndGlobalSection
	GlobalSection(SolutionProperties) = preSolution
		HideSolutionNode = FALSE
	EndGlobalSection
	GlobalSection(NestedProjects) = preSolution
		{000C4F3E-DEF5-43D6-9F69-031CDAA75E45} = {67BFE618-E232-7DE5-34A1-02EE902F7C19}
		{EA87E522-DD6C-44B2-8E22-27668005446F} = {FBF56CC3-7AE6-AD2D-3F14-7F97FD322CD6}
		{2B838743-3544-4C46-BFF3-40164A34F656} = {996CEBED-A05B-5D42-3FF0-982E087A2599}
		{B97DCFDE-F8B2-4B48-984A-32B266FCF422} = {59920098-F049-328F-348F-263C949D5FE5}
		{E0F6E27A-9EEC-4C07-B387-FCD858E88BEB} = {59920098-F049-328F-348F-263C949D5FE5}
		{68880B67-017C-4442-85F5-C0871CA6BAEA} = {DFEE68D8-A7D0-1A41-506C-9B74AA9A7B7B}
		{232841F7-995B-4E70-BC84-43ED36B2563F} = {DFEE68D8-A7D0-1A41-506C-9B74AA9A7B7B}
		{7932E599-3DE5-43B7-A80A-1E3FA8C9026F} = {DFEE68D8-A7D0-1A41-506C-9B74AA9A7B7B}
	EndGlobalSection
EndGlobal
